
Microsoft Visual Studio Solution File, Format Version 12.00
# Visual Studio Version 16
VisualStudioVersion = 16.0.31005.135
MinimumVisualStudioVersion = 10.0.40219.1
Project("{FAE04EC0-301F-11D3-BF4B-00C04F79EFBC}") = "Achilis", "Achilis\Achilis.csproj", "{B855B9F5-DF47-45E5-B21A-190150C567E8}"
EndProject
Global
	GlobalSection(SolutionConfigurationPlatforms) = preSolution
		Debug|Any CPU = Debug|Any CPU
		Release|Any CPU = Release|Any CPU
	EndGlobalSection
	GlobalSection(ProjectConfigurationPlatforms) = postSolution
		{B855B9F5-DF47-45E5-B21A-190150C567E8}.Debug|Any CPU.ActiveCfg = Debug|Any CPU
		{B855B9F5-DF47-45E5-B21A-190150C567E8}.Debug|Any CPU.Build.0 = Debug|Any CPU
		{B855B9F5-DF47-45E5-B21A-190150C567E8}.Release|Any CPU.ActiveCfg = Release|Any CPU
		{B855B9F5-DF47-45E5-B21A-190150C567E8}.Release|Any CPU.Build.0 = Release|Any CPU
	EndGlobalSection
	GlobalSection(SolutionProperties) = preSolution
		HideSolutionNode = FALSE
	EndGlobalSection
	GlobalSection(ExtensibilityGlobals) = postSolution
		SolutionGuid = {178A3D3D-78D7-443A-93BD-F597814825DF}
	EndGlobalSection
EndGlobal
